
Microsoft Visual Studio Solution File, Format Version 12.00
# Visual Studio Version 17
VisualStudioVersion = 17.10.34707.107
MinimumVisualStudioVersion = 10.0.40219.1
Project("{FAE04EC0-301F-11D3-BF4B-00C04F79EFBC}") = "wpf", "wpf\wpf.csproj", "{A0E56D52-4D4D-42A7-9F9C-0F704FA2901C}"
EndProject
Global
	GlobalSection(SolutionConfigurationPlatforms) = preSolution
		Debug|Any CPU = Debug|Any CPU
		Release|Any CPU = Release|Any CPU
	EndGlobalSection
	GlobalSection(ProjectConfigurationPlatforms) = postSolution
		{A0E56D52-4D4D-42A7-9F9C-0F704FA2901C}.Debug|Any CPU.ActiveCfg = Debug|Any CPU
		{A0E56D52-4D4D-42A7-9F9C-0F704FA2901C}.Debug|Any CPU.Build.0 = Debug|Any CPU
		{A0E56D52-4D4D-42A7-9F9C-0F704FA2901C}.Release|Any CPU.ActiveCfg = Release|Any CPU
		{A0E56D52-4D4D-42A7-9F9C-0F704FA2901C}.Release|Any CPU.Build.0 = Release|Any CPU
	EndGlobalSection
	GlobalSection(SolutionProperties) = preSolution
		HideSolutionNode = FALSE
	EndGlobalSection
	GlobalSection(ExtensibilityGlobals) = postSolution
		SolutionGuid = {CDCE3F7A-E1C4-45D8-B944-D651372668F3}
	EndGlobalSection
EndGlobal
